
Microsoft Visual Studio Solution File, Format Version 12.00
# Visual Studio Version 17
VisualStudioVersion = 17.1.32319.34
MinimumVisualStudioVersion = 10.0.40219.1
Project("{9A19103F-16F7-4668-BE54-9A1E7A4F7556}") = "BlazorTestPanels", "BlazorTestPanels\BlazorTestPanels.csproj", "{279E6E32-1A14-4A57-A8A8-284D6DB7AF7B}"
EndProject
Global
	GlobalSection(SolutionConfigurationPlatforms) = preSolution
		Debug|Any CPU = Debug|Any CPU
		Release|Any CPU = Release|Any CPU
	EndGlobalSection
	GlobalSection(ProjectConfigurationPlatforms) = postSolution
		{279E6E32-1A14-4A57-A8A8-284D6DB7AF7B}.Debug|Any CPU.ActiveCfg = Debug|Any CPU
		{279E6E32-1A14-4A57-A8A8-284D6DB7AF7B}.Debug|Any CPU.Build.0 = Debug|Any CPU
		{279E6E32-1A14-4A57-A8A8-284D6DB7AF7B}.Release|Any CPU.ActiveCfg = Release|Any CPU
		{279E6E32-1A14-4A57-A8A8-284D6DB7AF7B}.Release|Any CPU.Build.0 = Release|Any CPU
	EndGlobalSection
	GlobalSection(SolutionProperties) = preSolution
		HideSolutionNode = FALSE
	EndGlobalSection
	GlobalSection(ExtensibilityGlobals) = postSolution
		SolutionGuid = {1A75A8B1-0E4E-4B8B-A28B-FBC6ABB109F5}
	EndGlobalSection
EndGlobal
